
Microsoft Visual Studio Solution File, Format Version 12.00
# Visual Studio 15
VisualStudioVersion = 15.0.28307.489
MinimumVisualStudioVersion = 10.0.40219.1
Project("{FAE04EC0-301F-11D3-BF4B-00C04F79EFBC}") = "Heap", "Heap\Heap.csproj", "{EEB657A4-2D8C-40F8-AA46-1D3CD567283D}"
EndProject
Project("{FAE04EC0-301F-11D3-BF4B-00C04F79EFBC}") = "Test", "Test\Test.csproj", "{C6629C23-8E82-4201-8586-035A303C6701}"
EndProject
Global
	GlobalSection(SolutionConfigurationPlatforms) = preSolution
		Debug|Any CPU = Debug|Any CPU
		Release|Any CPU = Release|Any CPU
	EndGlobalSection
	GlobalSection(ProjectConfigurationPlatforms) = postSolution
		{EEB657A4-2D8C-40F8-AA46-1D3CD567283D}.Debug|Any CPU.ActiveCfg = Debug|Any CPU
		{EEB657A4-2D8C-40F8-AA46-1D3CD567283D}.Debug|Any CPU.Build.0 = Debug|Any CPU
		{EEB657A4-2D8C-40F8-AA46-1D3CD567283D}.Release|Any CPU.ActiveCfg = Release|Any CPU
		{EEB657A4-2D8C-40F8-AA46-1D3CD567283D}.Release|Any CPU.Build.0 = Release|Any CPU
		{C6629C23-8E82-4201-8586-035A303C6701}.Debug|Any CPU.ActiveCfg = Debug|Any CPU
		{C6629C23-8E82-4201-8586-035A303C6701}.Debug|Any CPU.Build.0 = Debug|Any CPU
		{C6629C23-8E82-4201-8586-035A303C6701}.Release|Any CPU.ActiveCfg = Release|Any CPU
		{C6629C23-8E82-4201-8586-035A303C6701}.Release|Any CPU.Build.0 = Release|Any CPU
	EndGlobalSection
	GlobalSection(SolutionProperties) = preSolution
		HideSolutionNode = FALSE
	EndGlobalSection
	GlobalSection(ExtensibilityGlobals) = postSolution
		SolutionGuid = {7379344A-D4A8-4B19-BE04-772E7CA79843}
	EndGlobalSection
EndGlobal
